
Microsoft Visual Studio Solution File, Format Version 12.00
# Visual Studio 15
VisualStudioVersion = 15.0.26730.16
MinimumVisualStudioVersion = 10.0.40219.1
Project("{FAE04EC0-301F-11D3-BF4B-00C04F79EFBC}") = "StockTradingSimulationAPI", "StockTradingSimulationAPI\StockTradingSimulationAPI.csproj", "{4CD97FB7-9379-46A8-A0B1-42513D7CDB18}"
EndProject
Project("{FAE04EC0-301F-11D3-BF4B-00C04F79EFBC}") = "StockTradingSimulationWebClient", "StockTradingSimulationWebClient\StockTradingSimulationWebClient.csproj", "{2E8CD364-F76F-40AB-BD0F-80973229B711}"
EndProject
Global
	GlobalSection(SolutionConfigurationPlatforms) = preSolution
		Debug|Any CPU = Debug|Any CPU
		Release|Any CPU = Release|Any CPU
	EndGlobalSection
	GlobalSection(ProjectConfigurationPlatforms) = postSolution
		{4CD97FB7-9379-46A8-A0B1-42513D7CDB18}.Debug|Any CPU.ActiveCfg = Debug|Any CPU
		{4CD97FB7-9379-46A8-A0B1-42513D7CDB18}.Debug|Any CPU.Build.0 = Debug|Any CPU
		{4CD97FB7-9379-46A8-A0B1-42513D7CDB18}.Release|Any CPU.ActiveCfg = Release|Any CPU
		{4CD97FB7-9379-46A8-A0B1-42513D7CDB18}.Release|Any CPU.Build.0 = Release|Any CPU
		{2E8CD364-F76F-40AB-BD0F-80973229B711}.Debug|Any CPU.ActiveCfg = Debug|Any CPU
		{2E8CD364-F76F-40AB-BD0F-80973229B711}.Debug|Any CPU.Build.0 = Debug|Any CPU
		{2E8CD364-F76F-40AB-BD0F-80973229B711}.Release|Any CPU.ActiveCfg = Release|Any CPU
		{2E8CD364-F76F-40AB-BD0F-80973229B711}.Release|Any CPU.Build.0 = Release|Any CPU
	EndGlobalSection
	GlobalSection(SolutionProperties) = preSolution
		HideSolutionNode = FALSE
	EndGlobalSection
	GlobalSection(ExtensibilityGlobals) = postSolution
		SolutionGuid = {08813427-A4D0-4507-9A16-C817499D0211}
	EndGlobalSection
EndGlobal
